
Microsoft Visual Studio Solution File, Format Version 12.00
# Visual Studio Version 17
VisualStudioVersion = 17.1.32328.378
MinimumVisualStudioVersion = 10.0.40219.1
Project("{2150E333-8FDC-42A3-9474-1A3956D46DE8}") = "src", "src", "{E9C01E18-D889-499C-8103-A2B13747C305}"
EndProject
Project("{2150E333-8FDC-42A3-9474-1A3956D46DE8}") = "services", "services", "{3BE29B06-E684-4689-87B0-3F80837D4CD8}"
EndProject
Project("{2150E333-8FDC-42A3-9474-1A3956D46DE8}") = "web", "web", "{EF697610-577D-4780-9CE1-917778E50A95}"
EndProject
Project("{9A19103F-16F7-4668-BE54-9A1E7A4F7556}") = "ProductCatalogAPI", "ProductCatalogAPI\ProductCatalogAPI.csproj", "{F86D1721-F615-4C54-A7FC-DF2795938476}"
EndProject
Project("{E53339B2-1760-4266-BCC7-CA923CBCF16C}") = "docker-compose", "docker-compose.dcproj", "{AE872549-FDD1-4438-A4E4-0C2E78157A7B}"
EndProject
Project("{9A19103F-16F7-4668-BE54-9A1E7A4F7556}") = "WebMvc", "WebMvc\WebMvc.csproj", "{15547426-30C9-458B-AC48-4FB4314050C8}"
EndProject
Project("{9A19103F-16F7-4668-BE54-9A1E7A4F7556}") = "TokenServiceAPI", "TokenServiceAPI\TokenServiceAPI.csproj", "{E059256C-7982-4BFF-822E-B481E115C3E3}"
EndProject
Global
	GlobalSection(SolutionConfigurationPlatforms) = preSolution
		Debug|Any CPU = Debug|Any CPU
		Release|Any CPU = Release|Any CPU
	EndGlobalSection
	GlobalSection(ProjectConfigurationPlatforms) = postSolution
		{F86D1721-F615-4C54-A7FC-DF2795938476}.Debug|Any CPU.ActiveCfg = Debug|Any CPU
		{F86D1721-F615-4C54-A7FC-DF2795938476}.Debug|Any CPU.Build.0 = Debug|Any CPU
		{F86D1721-F615-4C54-A7FC-DF2795938476}.Release|Any CPU.ActiveCfg = Release|Any CPU
		{F86D1721-F615-4C54-A7FC-DF2795938476}.Release|Any CPU.Build.0 = Release|Any CPU
		{AE872549-FDD1-4438-A4E4-0C2E78157A7B}.Debug|Any CPU.ActiveCfg = Debug|Any CPU
		{AE872549-FDD1-4438-A4E4-0C2E78157A7B}.Debug|Any CPU.Build.0 = Debug|Any CPU
		{AE872549-FDD1-4438-A4E4-0C2E78157A7B}.Release|Any CPU.ActiveCfg = Release|Any CPU
		{AE872549-FDD1-4438-A4E4-0C2E78157A7B}.Release|Any CPU.Build.0 = Release|Any CPU
		{15547426-30C9-458B-AC48-4FB4314050C8}.Debug|Any CPU.ActiveCfg = Debug|Any CPU
		{15547426-30C9-458B-AC48-4FB4314050C8}.Debug|Any CPU.Build.0 = Debug|Any CPU
		{15547426-30C9-458B-AC48-4FB4314050C8}.Release|Any CPU.ActiveCfg = Release|Any CPU
		{15547426-30C9-458B-AC48-4FB4314050C8}.Release|Any CPU.Build.0 = Release|Any CPU
		{E059256C-7982-4BFF-822E-B481E115C3E3}.Debug|Any CPU.ActiveCfg = Debug|Any CPU
		{E059256C-7982-4BFF-822E-B481E115C3E3}.Debug|Any CPU.Build.0 = Debug|Any CPU
		{E059256C-7982-4BFF-822E-B481E115C3E3}.Release|Any CPU.ActiveCfg = Release|Any CPU
		{E059256C-7982-4BFF-822E-B481E115C3E3}.Release|Any CPU.Build.0 = Release|Any CPU
	EndGlobalSection
	GlobalSection(SolutionProperties) = preSolution
		HideSolutionNode = FALSE
	EndGlobalSection
	GlobalSection(NestedProjects) = preSolution
		{3BE29B06-E684-4689-87B0-3F80837D4CD8} = {E9C01E18-D889-499C-8103-A2B13747C305}
		{EF697610-577D-4780-9CE1-917778E50A95} = {E9C01E18-D889-499C-8103-A2B13747C305}
		{F86D1721-F615-4C54-A7FC-DF2795938476} = {3BE29B06-E684-4689-87B0-3F80837D4CD8}
		{15547426-30C9-458B-AC48-4FB4314050C8} = {EF697610-577D-4780-9CE1-917778E50A95}
		{E059256C-7982-4BFF-822E-B481E115C3E3} = {3BE29B06-E684-4689-87B0-3F80837D4CD8}
	EndGlobalSection
	GlobalSection(ExtensibilityGlobals) = postSolution
		SolutionGuid = {5A96CF8E-47CD-46F9-A3DD-6331BBD48762}
	EndGlobalSection
EndGlobal
